{
  "name": "Rahulportfolio",  // Replace with your project name
  "version": "1.0.0",
  "description": "A 2D portfolio project",
  "main": "index.js",
  "scripts": {
    "dev": "vite",
    "build": "vite build",
    "preview": "vite preview"
  },
  "author": "Rahul Singh",
  "license": "ISC",
  "dependencies": {
    // Add your project dependencies here
  },
  "devDependencies": {
    "vite": "^2.6.4"  // Add your development dependencies here
  }
}
